// !$*UTF8*$!
{
	archiveVersion = 1;
	classes = {
	};
	objectVersion = 46;
	objects = {

/* Begin PBXBuildFile section */
		650FB36B1D9AAA6E00D7B58E /* MapKit.framework in Frameworks */ = {isa = PBXBuildFile; fileRef = 650FB36A1D9AAA6E00D7B58E /* MapKit.framework */; };
		65165E281D89D57C0054286B /* AppDelegate.swift in Sources */ = {isa = PBXBuildFile; fileRef = 65165E271D89D57C0054286B /* AppDelegate.swift */; };
		65165E2A1D89D57C0054286B /* ViewController.swift in Sources */ = {isa = PBXBuildFile; fileRef = 65165E291D89D57C0054286B /* ViewController.swift */; };
		65165E2D1D89D57C0054286B /* Main.storyboard in Resources */ = {isa = PBXBuildFile; fileRef = 65165E2B1D89D57C0054286B /* Main.storyboard */; };
		65165E2F1D89D57C0054286B /* Assets.xcassets in Resources */ = {isa = PBXBuildFile; fileRef = 65165E2E1D89D57C0054286B /* Assets.xcassets */; };
		65165E321D89D57C0054286B /* LaunchScreen.storyboard in Resources */ = {isa = PBXBuildFile; fileRef = 65165E301D89D57C0054286B /* LaunchScreen.storyboard */; };
/* End PBXBuildFile section */

/* Begin PBXFileReference section */
		650FB36A1D9AAA6E00D7B58E /* MapKit.framework */ = {isa = PBXFileReference; lastKnownFileType = wrapper.framework; name = MapKit.framework; path = System/Library/Frameworks/MapKit.framework; sourceTree = SDKROOT; };
		65165E241D89D57C0054286B /* MapKitSample.app */ = {isa = PBXFileReference; explicitFileType = wrapper.application; includeInIndex = 0; path = MapKitSample.app; sourceTree = BUILT_PRODUCTS_DIR; };
		65165E271D89D57C0054286B /* AppDelegate.swift */ = {isa = PBXFileReference; lastKnownFileType = sourcecode.swift; path = AppDelegate.swift; sourceTree = "<group>"; };
		65165E291D89D57C0054286B /* ViewController.swift */ = {isa = PBXFileReference; lastKnownFileType = sourcecode.swift; path = ViewController.swift; sourceTree = "<group>"; };
		65165E2C1D89D57C0054286B /* Base */ = {isa = PBXFileReference; lastKnownFileType = file.storyboard; name = Base; path = Base.lproj/Main.storyboard; sourceTree = "<group>"; };
		65165E2E1D89D57C0054286B /* Assets.xcassets */ = {isa = PBXFileReference; lastKnownFileType = folder.assetcatalog; path = Assets.xcassets; sourceTree = "<group>"; };
		65165E311D89D57C0054286B /* Base */ = {isa = PBXFileReference; lastKnownFileType = file.storyboard; name = Base; path = Base.lproj/LaunchScreen.storyboard; sourceTree = "<group>"; };
		65165E331D89D57C0054286B /* Info.plist */ = {isa = PBXFileReference; lastKnownFileType = text.plist.xml; path = Info.plist; sourceTree = "<group>"; };
/* End PBXFileReference section */

/* Begin PBXFrameworksBuildPhase section */
		65165E211D89D57C0054286B /* Frameworks */ = {
			isa = PBXFrameworksBuildPhase;
			buildActionMask = 2147483647;
			files = (
				650FB36B1D9AAA6E00D7B58E /* MapKit.framework in Frameworks */,
			);
			runOnlyForDeploymentPostprocessing = 0;
		};
/* End PBXFrameworksBuildPhase section */

/* Begin PBXGroup section */
		650FB3691D9AAA6E00D7B58E /* Frameworks */ = {
			isa = PBXGroup;
			children = (
				650FB36A1D9AAA6E00D7B58E /* MapKit.framework */,
			);
			name = Frameworks;
			sourceTree = "<group>";
		};
		65165E1B1D89D57C0054286B = {
			isa = PBXGroup;
			children = (
				65165E261D89D57C0054286B /* MapKitSample */,
				65165E251D89D57C0054286B /* Products */,
				650FB3691D9AAA6E00D7B58E /* Frameworks */,
			);
			sourceTree = "<group>";
		};
		65165E251D89D57C0054286B /* Products */ = {
			isa = PBXGroup;
			children = (
				65165E241D89D57C0054286B /* MapKitSample.app */,
			);
			name = Products;
			sourceTree = "<group>";
		};
		65165E261D89D57C0054286B /* MapKitSample */ = {
			isa = PBXGroup;
			children = (
				65165E271D89D57C0054286B /* AppDelegate.swift */,
				65165E291D89D57C0054286B /* ViewController.swift */,
				65165E2B1D89D57C0054286B /* Main.storyboard */,
				65165E2E1D89D57C0054286B /* Assets.xcassets */,
				65165E301D89D57C0054286B /* LaunchScreen.storyboard */,
				65165E331D89D57C0054286B /* Info.plist */,
			);
			path = MapKitSample;
			sourceTree = "<group>";
		};
/* End PBXGroup section */

/* Begin PBXNativeTarget section */
		65165E231D89D57C0054286B /* MapKitSample */ = {
			isa = PBXNativeTarget;
			buildConfigurationList = 65165E361D89D57C0054286B /* Build configuration list for PBXNativeTarget "MapKitSample" */;
			buildPhases = (
				65165E201D89D57C0054286B /* Sources */,
				65165E211D89D57C0054286B /* Frameworks */,
				65165E221D89D57C0054286B /* Resources */,
			);
			buildRules = (
			);
			dependencies = (
			);
			name = MapKitSample;
			productName = MapKitSample;
			productReference = 65165E241D89D57C0054286B /* MapKitSample.app */;
			productType = "com.apple.product-type.application";
		};
/* End PBXNativeTarget section */

/* Begin PBXProject section */
		65165E1C1D89D57C0054286B /* Project object */ = {
			isa = PBXProject;
			attributes = {
				LastSwiftUpdateCheck = 0800;
				LastUpgradeCheck = 1140;
				ORGANIZATIONNAME = "Cold Mass Digital Entertainment";
				TargetAttributes = {
					65165E231D89D57C0054286B = {
						CreatedOnToolsVersion = 8.0;
						DevelopmentTeam = 34E95R7U23;
						ProvisioningStyle = Automatic;
						SystemCapabilities = {
							com.apple.Maps.iOS = {
								enabled = 1;
							};
						};
					};
				};
			};
			buildConfigurationList = 65165E1F1D89D57C0054286B /* Build configuration list for PBXProject "MapKitSample" */;
			compatibilityVersion = "Xcode 3.2";
			developmentRegion = en;
			hasScannedForEncodings = 0;
			knownRegions = (
				en,
				Base,
			);
			mainGroup = 65165E1B1D89D57C0054286B;
			productRefGroup = 65165E251D89D57C0054286B /* Products */;
			projectDirPath = "";
			projectRoot = "";
			targets = (
				65165E231D89D57C0054286B /* MapKitSample */,
			);
		};
/* End PBXProject section */

/* Begin PBXResourcesBuildPhase section */
		65165E221D89D57C0054286B /* Resources */ = {
			isa = PBXResourcesBuildPhase;
			buildActionMask = 2147483647;
			files = (
				65165E321D89D57C0054286B /* LaunchScreen.storyboard in Resources */,
				65165E2F1D89D57C0054286B /* Assets.xcassets in Resources */,
				65165E2D1D89D57C0054286B /* Main.storyboard in Resources */,
			);
			runOnlyForDeploymentPostprocessing = 0;
		};
/* End PBXResourcesBuildPhase section */

/* Begin PBXSourcesBuildPhase section */
		65165E201D89D57C0054286B /* Sources */ = {
			isa = PBXSourcesBuildPhase;
			buildActionMask = 2147483647;
			files = (
				65165E2A1D89D57C0054286B /* ViewController.swift in Sources */,
				65165E281D89D57C0054286B /* AppDelegate.swift in Sources */,
			);
			runOnlyForDeploymentPostprocessing = 0;
		};
/* End PBXSourcesBuildPhase section */

/* Begin PBXVariantGroup section */
		65165E2B1D89D57C0054286B /* Main.storyboard */ = {
			isa = PBXVariantGroup;
			children = (
				65165E2C1D89D57C0054286B /* Base */,
			);
			name = Main.storyboard;
			sourceTree = "<group>";
		};
		65165E301D89D57C0054286B /* LaunchScreen.storyboard */ = {
			isa = PBXVariantGroup;
			children = (
				65165E311D89D57C0054286B /* Base */,
			);
			name = LaunchScreen.storyboard;
			sourceTree = "<group>";
		};
/* End PBXVariantGroup section */

/* Begin XCBuildConfiguration section */
		65165E341D89D57C0054286B /* Debug */ = {
			isa = XCBuildConfiguration;
			buildSettings = {
				ALWAYS_SEARCH_USER_PATHS = NO;
				CLANG_ANALYZER_NONNULL = YES;
				CLANG_CXX_LANGUAGE_STANDARD = "gnu++0x";
				CLANG_CXX_LIBRARY = "libc++";
				CLANG_ENABLE_MODULES = YES;
				CLANG_ENABLE_OBJC_ARC = YES;
				CLANG_WARN_BLOCK_CAPTURE_AUTORELEASING = YES;
				CLANG_WARN_BOOL_CONVERSION = YES;
				CLANG_WARN_COMMA = YES;
				CLANG_WARN_CONSTANT_CONVERSION = YES;
				CLANG_WARN_DEPRECATED_OBJC_IMPLEMENTATIONS = YES;
				CLANG_WARN_DIRECT_OBJC_ISA_USAGE = YES_ERROR;
				CLANG_WARN_DOCUMENTATION_COMMENTS = YES;
				CLANG_WARN_EMPTY_BODY = YES;
				CLANG_WARN_ENUM_CONVERSION = YES;
				CLANG_WARN_INFINITE_RECURSION = YES;
				CLANG_WARN_INT_CONVERSION = YES;
				CLANG_WARN_NON_LITERAL_NULL_CONVERSION = YES;
				CLANG_WARN_OBJC_IMPLICIT_RETAIN_SELF = YES;
				CLANG_WARN_OBJC_LITERAL_CONVERSION = YES;
				CLANG_WARN_OBJC_ROOT_CLASS = YES_ERROR;
				CLANG_WARN_RANGE_LOOP_ANALYSIS = YES;
				CLANG_WARN_STRICT_PROTOTYPES = YES;
				CLANG_WARN_SUSPICIOUS_MOVE = YES;
				CLANG_WARN_SUSPICIOUS_MOVES = YES;
				CLANG_WARN_UNREACHABLE_CODE = YES;
				CLANG_WARN__DUPLICATE_METHOD_MATCH = YES;
				"CODE_SIGN_IDENTITY[sdk=iphoneos*]" = "iPhone Developer";
				COPY_PHASE_STRIP = NO;
				DEBUG_INFORMATION_FORMAT = dwarf;
				ENABLE_STRICT_OBJC_MSGSEND = YES;
				ENABLE_TESTABILITY = YES;
				GCC_C_LANGUAGE_STANDARD = gnu99;
				GCC_DYNAMIC_NO_PIC = NO;
				GCC_NO_COMMON_BLOCKS = YES;
				GCC_OPTIMIZATION_LEVEL = 0;
				GCC_PREPROCESSOR_DEFINITIONS = (
					"DEBUG=1",
					"$(inherited)",
				);
				GCC_WARN_64_TO_32_BIT_CONVERSION = YES;
				GCC_WARN_ABOUT_RETURN_TYPE = YES_ERROR;
				GCC_WARN_UNDECLARED_SELECTOR = YES;
				GCC_WARN_UNINITIALIZED_AUTOS = YES_AGGRESSIVE;
				GCC_WARN_UNUSED_FUNCTION = YES;
				GCC_WARN_UNUSED_VARIABLE = YES;
				IPHONEOS_DEPLOYMENT_TARGET = 10.0;
				MTL_ENABLE_DEBUG_INFO = YES;
				ONLY_ACTIVE_ARCH = YES;
				SDKROOT = iphoneos;
				SWIFT_ACTIVE_COMPILATION_CONDITIONS = DEBUG;
				SWIFT_OPTIMIZATION_LEVEL = "-Onone";
				TARGETED_DEVICE_FAMILY = "1,2";
			};
			name = Debug;
		};
		65165E351D89D57C0054286B /* Release */ = {
			isa = XCBuildConfiguration;
			buildSettings = {
				ALWAYS_SEARCH_USER_PATHS = NO;
				CLANG_ANALYZER_NONNULL = YES;
				CLANG_CXX_LANGUAGE_STANDARD = "gnu++0x";
				CLANG_CXX_LIBRARY = "libc++";
				CLANG_ENABLE_MODULES = YES;
				CLANG_ENABLE_OBJC_ARC = YES;
				CLANG_WARN_BLOCK_CAPTURE_AUTORELEASING = YES;
				CLANG_WARN_BOOL_CONVERSION = YES;
				CLANG_WARN_COMMA = YES;
				CLANG_WARN_CONSTANT_CONVERSION = YES;
				CLANG_WARN_DEPRECATED_OBJC_IMPLEMENTATIONS = YES;
				CLANG_WARN_DIRECT_OBJC_ISA_USAGE = YES_ERROR;
				CLANG_WARN_DOCUMENTATION_COMMENTS = YES;
				CLANG_WARN_EMPTY_BODY = YES;
				CLANG_WARN_ENUM_CONVERSION = YES;
				CLANG_WARN_INFINITE_RECURSION = YES;
				CLANG_WARN_INT_CONVERSION = YES;
				CLANG_WARN_NON_LITERAL_NULL_CONVERSION = YES;
				CLANG_WARN_OBJC_IMPLICIT_RETAIN_SELF = YES;
				CLANG_WARN_OBJC_LITERAL_CONVERSION = YES;
				CLANG_WARN_OBJC_ROOT_CLASS = YES_ERROR;
				CLANG_WARN_RANGE_LOOP_ANALYSIS = YES;
				CLANG_WARN_STRICT_PROTOTYPES = YES;
				CLANG_WARN_SUSPICIOUS_MOVE = YES;
				CLANG_WARN_SUSPICIOUS_MOVES = YES;
				CLANG_WARN_UNREACHABLE_CODE = YES;
				CLANG_WARN__DUPLICATE_METHOD_MATCH = YES;
				"CODE_SIGN_IDENTITY[sdk=iphoneos*]" = "iPhone Developer";
				COPY_PHASE_STRIP = NO;
				DEBUG_INFORMATION_FORMAT = "dwarf-with-dsym";
				ENABLE_NS_ASSERTIONS = NO;
				ENABLE_STRICT_OBJC_MSGSEND = YES;
				GCC_C_LANGUAGE_STANDARD = gnu99;
				GCC_NO_COMMON_BLOCKS = YES;
				GCC_WARN_64_TO_32_BIT_CONVERSION = YES;
				GCC_WARN_ABOUT_RETURN_TYPE = YES_ERROR;
				GCC_WARN_UNDECLARED_SELECTOR = YES;
				GCC_WARN_UNINITIALIZED_AUTOS = YES_AGGRESSIVE;
				GCC_WARN_UNUSED_FUNCTION = YES;
				GCC_WARN_UNUSED_VARIABLE = YES;
				IPHONEOS_DEPLOYMENT_TARGET = 10.0;
				MTL_ENABLE_DEBUG_INFO = NO;
				SDKROOT = iphoneos;
				SWIFT_OPTIMIZATION_LEVEL = "-Owholemodule";
				TARGETED_DEVICE_FAMILY = "1,2";
				VALIDATE_PRODUCT = YES;
			};
			name = Release;
		};
		65165E371D89D57C0054286B /* Debug */ = {
			isa = XCBuildConfiguration;
			buildSettings = {
				ASSETCATALOG_COMPILER_APPICON_NAME = AppIcon;
				DEVELOPMENT_TEAM = 34E95R7U23;
				INFOPLIST_FILE = MapKitSample/Info.plist;
				LD_RUNPATH_SEARCH_PATHS = "$(inherited) @executable_path/Frameworks";
				PRODUCT_BUNDLE_IDENTIFIER = br.com.coldmass.MapKitSample;
				PRODUCT_NAME = "$(TARGET_NAME)";
				SWIFT_VERSION = 5.0;
			};
			name = Debug;
		};
		65165E381D89D57C0054286B /* Release */ = {
			isa = XCBuildConfiguration;
			buildSettings = {
				ASSETCATALOG_COMPILER_APPICON_NAME = AppIcon;
				DEVELOPMENT_TEAM = 34E95R7U23;
				INFOPLIST_FILE = MapKitSample/Info.plist;
				LD_RUNPATH_SEARCH_PATHS = "$(inherited) @executable_path/Frameworks";
				PRODUCT_BUNDLE_IDENTIFIER = br.com.coldmass.MapKitSample;
				PRODUCT_NAME = "$(TARGET_NAME)";
				SWIFT_VERSION = 5.0;
			};
			name = Release;
		};
/* End XCBuildConfiguration section */

/* Begin XCConfigurationList section */
		65165E1F1D89D57C0054286B /* Build configuration list for PBXProject "MapKitSample" */ = {
			isa = XCConfigurationList;
			buildConfigurations = (
				65165E341D89D57C0054286B /* Debug */,
				65165E351D89D57C0054286B /* Release */,
			);
			defaultConfigurationIsVisible = 0;
			defaultConfigurationName = Release;
		};
		65165E361D89D57C0054286B /* Build configuration list for PBXNativeTarget "MapKitSample" */ = {
			isa = XCConfigurationList;
			buildConfigurations = (
				65165E371D89D57C0054286B /* Debug */,
				65165E381D89D57C0054286B /* Release */,
			);
			defaultConfigurationIsVisible = 0;
			defaultConfigurationName = Release;
		};
/* End XCConfigurationList section */
	};
	rootObject = 65165E1C1D89D57C0054286B /* Project object */;
}
